
Microsoft Visual Studio Solution File, Format Version 12.00
# Visual Studio 15
VisualStudioVersion = 15.0.27428.2027
MinimumVisualStudioVersion = 10.0.40219.1
Project("{FAE04EC0-301F-11D3-BF4B-00C04F79EFBC}") = "Deportes.COMMON", "Deportes.COMMON\Deportes.COMMON.csproj", "{F2851CA0-2C9F-4062-B3F2-7AD57A9E8C97}"
EndProject
Project("{FAE04EC0-301F-11D3-BF4B-00C04F79EFBC}") = "Deportes.DAL", "Deportes.DAL\Deportes.DAL.csproj", "{BEA1161F-90B9-4BA9-9A9F-61B44BA3E522}"
EndProject
Project("{FAE04EC0-301F-11D3-BF4B-00C04F79EFBC}") = "Deportes.BIZ", "Deportes.BIZ\Deportes.BIZ.csproj", "{3046D3FD-49CE-4482-8619-ADC711D3FBB5}"
EndProject
Project("{FAE04EC0-301F-11D3-BF4B-00C04F79EFBC}") = "Deportes.GUI", "Deportes.GUI\Deportes.GUI.csproj", "{E6CB1831-9C83-417A-B614-58C5F6D5EBD7}"
EndProject
Global
	GlobalSection(SolutionConfigurationPlatforms) = preSolution
		Debug|Any CPU = Debug|Any CPU
		Release|Any CPU = Release|Any CPU
	EndGlobalSection
	GlobalSection(ProjectConfigurationPlatforms) = postSolution
		{F2851CA0-2C9F-4062-B3F2-7AD57A9E8C97}.Debug|Any CPU.ActiveCfg = Debug|Any CPU
		{F2851CA0-2C9F-4062-B3F2-7AD57A9E8C97}.Debug|Any CPU.Build.0 = Debug|Any CPU
		{F2851CA0-2C9F-4062-B3F2-7AD57A9E8C97}.Release|Any CPU.ActiveCfg = Release|Any CPU
		{F2851CA0-2C9F-4062-B3F2-7AD57A9E8C97}.Release|Any CPU.Build.0 = Release|Any CPU
		{BEA1161F-90B9-4BA9-9A9F-61B44BA3E522}.Debug|Any CPU.ActiveCfg = Debug|Any CPU
		{BEA1161F-90B9-4BA9-9A9F-61B44BA3E522}.Debug|Any CPU.Build.0 = Debug|Any CPU
		{BEA1161F-90B9-4BA9-9A9F-61B44BA3E522}.Release|Any CPU.ActiveCfg = Release|Any CPU
		{BEA1161F-90B9-4BA9-9A9F-61B44BA3E522}.Release|Any CPU.Build.0 = Release|Any CPU
		{3046D3FD-49CE-4482-8619-ADC711D3FBB5}.Debug|Any CPU.ActiveCfg = Debug|Any CPU
		{3046D3FD-49CE-4482-8619-ADC711D3FBB5}.Debug|Any CPU.Build.0 = Debug|Any CPU
		{3046D3FD-49CE-4482-8619-ADC711D3FBB5}.Release|Any CPU.ActiveCfg = Release|Any CPU
		{3046D3FD-49CE-4482-8619-ADC711D3FBB5}.Release|Any CPU.Build.0 = Release|Any CPU
		{E6CB1831-9C83-417A-B614-58C5F6D5EBD7}.Debug|Any CPU.ActiveCfg = Debug|Any CPU
		{E6CB1831-9C83-417A-B614-58C5F6D5EBD7}.Debug|Any CPU.Build.0 = Debug|Any CPU
		{E6CB1831-9C83-417A-B614-58C5F6D5EBD7}.Release|Any CPU.ActiveCfg = Release|Any CPU
		{E6CB1831-9C83-417A-B614-58C5F6D5EBD7}.Release|Any CPU.Build.0 = Release|Any CPU
	EndGlobalSection
	GlobalSection(SolutionProperties) = preSolution
		HideSolutionNode = FALSE
	EndGlobalSection
	GlobalSection(ExtensibilityGlobals) = postSolution
		SolutionGuid = {3F4935BB-69F0-4851-B174-9F34D5827CAC}
	EndGlobalSection
EndGlobal
